{
  "name": "bcoin",
  "version": "1.0.2",
  "lockfileVersion": 1,
  "requires": true,
  "dependencies": {
    "bcfg": {
      "version": "0.1.6",
      "resolved": "https://registry.npmjs.org/bcfg/-/bcfg-0.1.6.tgz",
      "integrity": "sha512-BR2vwQZwu24aRm588XHOnPVjjQtbK8sF0RopRFgMuke63/REJMWnePTa2YHKDBefuBYiVdgkowuB1/e4K7Ue3g==",
      "requires": {
        "bsert": "~0.0.10"
      }
    },
    "bclient": {
      "version": "0.1.7",
      "resolved": "https://registry.npmjs.org/bclient/-/bclient-0.1.7.tgz",
      "integrity": "sha512-tD1b48VGrJ10Hkv1Slew88DLcIBAYbhjGIwO7fRPp0mTcc5jZjGhFjsrHwgPsChj9HYctA8yMw/ChGfheqZGDA==",
      "requires": {
        "bcfg": "~0.1.6",
        "bcurl": "~0.1.6",
        "bsert": "~0.0.10"
      }
    },
    "bcrypto": {
      "version": "3.1.11",
      "resolved": "https://registry.npmjs.org/bcrypto/-/bcrypto-3.1.11.tgz",
      "integrity": "sha512-XHsle+v0aYjCyHZSwd3Insnu8GUe4cuf3+f07Z/mO+GLq60YqUyEIvpaSv4LAAJ4uf8UNYMSSQ0LslsV0r4tug==",
      "requires": {
        "bsert": "~0.0.10",
        "bufio": "~1.0.6",
        "loady": "~0.0.1",
        "nan": "^2.13.2"
      }
    },
    "bcurl": {
      "version": "0.1.6",
      "resolved": "https://registry.npmjs.org/bcurl/-/bcurl-0.1.6.tgz",
      "integrity": "sha512-noeDhfqFiUcNOUuZKErkXcbZfxBjn6duTfYPEfA4hAYXGr7gwVxkAWvIerxl3ZLLyn8jzh7Oi0nHlrLm1ST9Fw==",
      "requires": {
        "brq": "~0.1.7",
        "bsert": "~0.0.10",
        "bsock": "~0.1.8"
      }
    },
    "bdb": {
      "version": "1.1.7",
      "resolved": "https://registry.npmjs.org/bdb/-/bdb-1.1.7.tgz",
      "integrity": "sha512-jtBnWEyDDK08dBbKL9LJeO2huZyBmbjBQMMVjU9RI1liJo6YDbv86uDHoaD4gniefd9pfxqOM1w6rYuwLVCXlQ==",
      "requires": {
        "bsert": "~0.0.10",
        "loady": "~0.0.1"
      }
    },
    "bdns": {
      "version": "0.1.5",
      "resolved": "https://registry.npmjs.org/bdns/-/bdns-0.1.5.tgz",
      "integrity": "sha512-LNVkfM7ynlAD0CvPvO9cKxW8YXt1KOCRQZlRsGZWeMyymUWVdHQpZudAzH9chaFAz6HiwAnQxwDemCKDPy6Mag==",
      "requires": {
        "bsert": "~0.0.10"
      }
    },
    "bevent": {
      "version": "0.1.5",
      "resolved": "https://registry.npmjs.org/bevent/-/bevent-0.1.5.tgz",
      "integrity": "sha512-hs6T3BjndibrAmPSoKTHmKa3tz/c6Qgjv9iZw+tAoxuP6izfTCkzfltBQrW7SuK5xnY22gv9jCEf51+mRH+Qvg==",
      "requires": {
        "bsert": "~0.0.10"
      }
    },
    "bfile": {
      "version": "0.2.1",
      "resolved": "https://registry.npmjs.org/bfile/-/bfile-0.2.1.tgz",
      "integrity": "sha512-du2QjKNkqZ1YJweWEQeq3CEqd+nQD/WOnmAMfs52ok5ujBBagWYLZC5ORDuqfV2fuF88of44PZdsnAVfxoH31g=="
    },
    "bfilter": {
      "version": "1.0.5",
      "resolved": "https://registry.npmjs.org/bfilter/-/bfilter-1.0.5.tgz",
      "integrity": "sha512-GupIidtCvLbKhXnA1sxvrwa+gh95qbjafy7P1U1x/2DHxNabXq4nGW0x3rmgzlJMYlVl+c8fMxoMRIwpKYlgcQ==",
      "requires": {
        "bsert": "~0.0.10",
        "bufio": "~1.0.6",
        "mrmr": "~0.1.6"
      }
    },
    "bheep": {
      "version": "0.1.5",
      "resolved": "https://registry.npmjs.org/bheep/-/bheep-0.1.5.tgz",
      "integrity": "sha512-0KR5Zi8hgJBKL35+aYzndCTtgSGakOMxrYw2uszd5UmXTIfx3+drPGoETlVbQ6arTdAzSoQYA1j35vbaWpQXBg==",
      "requires": {
        "bsert": "~0.0.10"
      }
    },
    "binet": {
      "version": "0.3.5",
      "resolved": "https://registry.npmjs.org/binet/-/binet-0.3.5.tgz",
      "integrity": "sha512-suogkqXrt63Z76ABvwJjI28w+LWrRE53nwItDPz1VwNjHEuh1+rxudGYtoewFmMhkJ9pW/VGGnjoxP+AGzHgLQ==",
      "requires": {
        "bs32": "~0.1.5",
        "bsert": "~0.0.10"
      }
    },
    "blgr": {
      "version": "0.1.7",
      "resolved": "https://registry.npmjs.org/blgr/-/blgr-0.1.7.tgz",
      "integrity": "sha512-+jSaU2jnYqF+ec9e8nzjfjU7QhZIntkDNG8/AEwoxW7J3mmwvmUfAI5lm9BFYs1OzT+1UgIZTFHa2qWjTBURfw==",
      "requires": {
        "bsert": "~0.0.10"
      }
    },
    "blru": {
      "version": "0.1.6",
      "resolved": "https://registry.npmjs.org/blru/-/blru-0.1.6.tgz",
      "integrity": "sha512-34+xZ2u4ys/aUzWCU9m6Eee4nVuN1ywdxbi8b3Z2WULU6qvnfeHvCWEdGzlVfRbbhimG2xxJX6R77GD2cuVO6w==",
      "requires": {
        "bsert": "~0.0.10"
      }
    },
    "blst": {
      "version": "0.1.5",
      "resolved": "https://registry.npmjs.org/blst/-/blst-0.1.5.tgz",
      "integrity": "sha512-TPl04Cx3CHdPFAJ2x9Xx1Z1FOfpAzmNPfHkfo+pGAaNH4uLhS58ExvamVkZh3jadF+B7V5sMtqvrqdf9mHINYA==",
      "requires": {
        "bsert": "~0.0.10"
      }
    },
    "bmocha": {
      "version": "2.1.2",
      "resolved": "https://registry.npmjs.org/bmocha/-/bmocha-2.1.2.tgz",
      "integrity": "sha512-EvcGGQCbRnF3/Uq+gNIrWdNY65eDok17i7AKEY/xTLGFk812GdqEQ/FW8X1X1lyH5IlLshjubDjyC4HRWeCt7g==",
      "dev": true
    },
    "bmutex": {
      "version": "0.1.6",
      "resolved": "https://registry.npmjs.org/bmutex/-/bmutex-0.1.6.tgz",
      "integrity": "sha512-nXWOXtQHbfPaMl6jyEF/rmRMrcemj2qn+OCAI/uZYurjfx7Dg3baoXdPzHOL0U8Cfvn8CWxKcnM/rgxL7DR4zw==",
      "requires": {
        "bsert": "~0.0.10"
      }
    },
    "brq": {
      "version": "0.1.8",
      "resolved": "https://registry.npmjs.org/brq/-/brq-0.1.8.tgz",
      "integrity": "sha512-6SDY1lJMKXgt5TZ6voJQMH2zV1XPWWtm203PSkx3DSg9AYNYuRfOPFSBDkNemabzgpzFW9/neR4YhTvyJml8rQ==",
      "requires": {
        "bsert": "~0.0.10"
      }
    },
    "bs32": {
      "version": "0.1.5",
      "resolved": "https://registry.npmjs.org/bs32/-/bs32-0.1.5.tgz",
      "integrity": "sha512-YR9OXFjx8qmW/TpuJKc1RSdzRogpCYh1ygCSMi5Z3fG2QkP+Ra1IfcHsICqd/I/tmFAtc7ov8BpEyN8HJD7jlw==",
      "requires": {
        "bsert": "~0.0.10"
      }
    },
    "bsert": {
      "version": "0.0.10",
      "resolved": "https://registry.npmjs.org/bsert/-/bsert-0.0.10.tgz",
      "integrity": "sha512-NHNwlac+WPy4t2LoNh8pXk8uaIGH3NSaIUbTTRXGpE2WEbq0te/tDykYHkFK57YKLPjv/aGHmbqvnGeVWDz57Q=="
    },
    "bsip": {
      "version": "0.1.9",
      "resolved": "https://registry.npmjs.org/bsip/-/bsip-0.1.9.tgz",
      "integrity": "sha512-i7cVEfCthASPB3BYKS/pZN/D4kh4vToIlSAFcVBLNjzYl1UirT3E2PIGSfNnYR2qZ3UW1qnDavrWEHhLeSKt2A==",
      "requires": {
        "bsert": "~0.0.10",
        "loady": "~0.0.1",
        "nan": "^2.13.1"
      }
    },
    "bsock": {
      "version": "0.1.9",
      "resolved": "https://registry.npmjs.org/bsock/-/bsock-0.1.9.tgz",
      "integrity": "sha512-/l9Kg/c5o+n/0AqreMxh2jpzDMl1ikl4gUxT7RFNe3A3YRIyZkiREhwcjmqxiymJSRI/Qhew357xGn1SLw/xEw==",
      "requires": {
        "bsert": "~0.0.10"
      }
    },
    "bsocks": {
      "version": "0.2.5",
      "resolved": "https://registry.npmjs.org/bsocks/-/bsocks-0.2.5.tgz",
      "integrity": "sha512-w1yG8JmfKPIaTDLuR9TIxJM2Ma6nAiInRpLNZ43g3qPnPHjawCC4SV6Bdy84bEJQX1zJWYTgdod/BnQlDhq4Gg==",
      "requires": {
        "binet": "~0.3.5",
        "bsert": "~0.0.10"
      }
    },
    "bstring": {
      "version": "0.3.9",
      "resolved": "https://registry.npmjs.org/bstring/-/bstring-0.3.9.tgz",
      "integrity": "sha512-D95flI7SXL+UsQi9mW+hH+AK2AFfafIJi+3GbbyTAWMe2FqwR9keBxsjGiGd/JM+77Y9WsC+M4EhZVNVcym9jw==",
      "requires": {
        "bsert": "~0.0.10",
        "loady": "~0.0.1",
        "nan": "^2.13.1"
      }
    },
    "btcp": {
      "version": "0.1.5",
      "resolved": "https://registry.npmjs.org/btcp/-/btcp-0.1.5.tgz",
      "integrity": "sha512-tkrtMDxeJorn5p0KxaLXELneT8AbfZMpOFeoKYZ5qCCMMSluNuwut7pGccLC5YOJqmuk0DR774vNVQLC9sNq/A=="
    },
    "buffer-map": {
      "version": "0.0.7",
      "resolved": "https://registry.npmjs.org/buffer-map/-/buffer-map-0.0.7.tgz",
      "integrity": "sha512-95try3p/vMRkIAAnJDaGkFhGpT/65NoeW6XelEPjAomWYR58RQtW4khn0SwKj34kZoE7uxL7w2koZSwbnszvQQ=="
    },
    "bufio": {
      "version": "1.0.6",
      "resolved": "https://registry.npmjs.org/bufio/-/bufio-1.0.6.tgz",
      "integrity": "sha512-mjYZFRHmI9bk3Oeexu0rWjHFY+w6hGLabdmwSFzq+EFr4MHHsNOYduDVdYl71NG5pTPL7GGzUCMk9cYuV34/Qw=="
    },
    "bupnp": {
      "version": "0.2.6",
      "resolved": "https://registry.npmjs.org/bupnp/-/bupnp-0.2.6.tgz",
      "integrity": "sha512-J6ykzJhZMxXKN78K+1NzFi3v/51X2Mvzp2hW42BWwmxIVfau6PaN99gyABZ8x05e8MObWbsAis23gShhj9qpbw==",
      "requires": {
        "binet": "~0.3.5",
        "brq": "~0.1.7",
        "bsert": "~0.0.10"
      }
    },
    "bval": {
      "version": "0.1.6",
      "resolved": "https://registry.npmjs.org/bval/-/bval-0.1.6.tgz",
      "integrity": "sha512-jxNH9gSx7g749hQtS+nTxXYz/bLxwr4We1RHFkCYalNYcj12RfbW6qYWsKu0RYiKAdFcbNoZRHmWrIuXIyhiQQ==",
      "requires": {
        "bsert": "~0.0.10"
      }
    },
    "bweb": {
      "version": "0.1.9",
      "resolved": "https://registry.npmjs.org/bweb/-/bweb-0.1.9.tgz",
      "integrity": "sha512-Ozz6Vq7mC0ydHxnykvkUIiwduKAW4Qewj+au0osTCSssfXfRYrO7O2UluLgZQL0sSrXiifqEdJaGtOQ+GAeC8A==",
      "requires": {
        "bsert": "~0.0.10",
        "bsock": "~0.1.8"
      }
    },
    "loady": {
      "version": "0.0.1",
      "resolved": "https://registry.npmjs.org/loady/-/loady-0.0.1.tgz",
      "integrity": "sha512-PW5Z13Jd0v6ZcA1P6ZVUc3EV8BJwQuAiwUvvT6VQGHoaZ1d/tu7r1QZctuKfQqwy9SFBWeAGfcIdLxhp7ZW3Rw=="
    },
    "mrmr": {
      "version": "0.1.8",
      "resolved": "https://registry.npmjs.org/mrmr/-/mrmr-0.1.8.tgz",
      "integrity": "sha512-lNav10EJsPZvlMqlBOYQ5atIO9jrlvbJ4/7asqunXY89dHooN5c+W6AV7jtvBRw4wFDR7TpEWfmBQgRGRVwBzA==",
      "requires": {
        "bsert": "~0.0.10",
        "loady": "~0.0.1",
        "nan": "^2.13.1"
      }
    },
    "n64": {
      "version": "0.2.10",
      "resolved": "https://registry.npmjs.org/n64/-/n64-0.2.10.tgz",
      "integrity": "sha512-uH9geV4+roR1tohsrrqSOLCJ9Mh1iFcDI+9vUuydDlDxUS1UCAWUfuGb06p3dj3flzywquJNrGsQ7lHP8+4RVQ=="
    },
    "nan": {
      "version": "2.14.0",
      "resolved": "https://registry.npmjs.org/nan/-/nan-2.14.0.tgz",
      "integrity": "sha512-INOFj37C7k3AfaNTtX8RhsTw7qRy7eLET14cROi9+5HAVbbHuIWUHEauBv5qT4Av2tWasiTY1Jw6puUNqRJXQg=="
    }
  }
}
