{
  "name": "bcoin",
  "version": "2.0.0-dev",
  "lockfileVersion": 1,
  "requires": true,
  "dependencies": {
    "bcfg": {
      "version": "git+ssh://git@github.com/bcoin-org/bcfg.git#1216c775832c2e138ae6451912a27ba496dc4386",
      "from": "git+ssh://git@github.com/bcoin-org/bcfg.git#semver:~0.1.6",
      "requires": {
        "bsert": "~0.0.10"
      }
    },
    "bcrypto": {
      "version": "git+ssh://git@github.com/bcoin-org/bcrypto.git#e454320203344781b2369d3647aa12461728a6ac",
      "from": "git+ssh://git@github.com/bcoin-org/bcrypto.git#semver:~3.1.11",
      "requires": {
        "bsert": "~0.0.10",
        "bufio": "~1.0.6",
        "loady": "~0.0.1",
        "nan": "^2.13.2"
      }
    },
    "bcurl": {
      "version": "git+ssh://git@github.com/bcoin-org/bcurl.git#274dd4a15155bccbddb3b66d9994ebc8757a695d",
      "from": "git+ssh://git@github.com/bcoin-org/bcurl.git#semver:^0.1.6",
      "requires": {
        "brq": "~0.1.7",
        "bsert": "~0.0.10",
        "bsock": "~0.1.8"
      }
    },
    "bdb": {
      "version": "git+ssh://git@github.com/bcoin-org/bdb.git#284396f336f5744ac3c932f412b982d3553884ea",
      "from": "git+ssh://git@github.com/bcoin-org/bdb.git#semver:~1.1.7",
      "requires": {
        "bsert": "~0.0.10",
        "loady": "~0.0.1"
      }
    },
    "bdns": {
      "version": "git+ssh://git@github.com/bcoin-org/bdns.git#cb0b62a0075f7e1259fc50fa723ba644e9a07d14",
      "from": "git+ssh://git@github.com/bcoin-org/bdns.git#semver:~0.1.5",
      "requires": {
        "bsert": "~0.0.10"
      }
    },
    "bevent": {
      "version": "git+ssh://git@github.com/bcoin-org/bevent.git#60fb503de3ea1292d29ce438bfba80f0bc5ccb60",
      "from": "git+ssh://git@github.com/bcoin-org/bevent.git#semver:~0.1.5",
      "requires": {
        "bsert": "~0.0.10"
      }
    },
    "bfile": {
      "version": "git+ssh://git@github.com/bcoin-org/bfile.git#aaf0da7d4787b2874368c4be65b9c1e3fc08b9de",
      "from": "git+ssh://git@github.com/bcoin-org/bfile.git#semver:~0.2.1"
    },
    "bfilter": {
      "version": "git+ssh://git@github.com/bcoin-org/bfilter.git#a3c7e787dd903cff0186ac4385d98df54d369191",
      "from": "git+ssh://git@github.com/bcoin-org/bfilter.git#semver:~1.0.5",
      "requires": {
        "bsert": "~0.0.10",
        "bufio": "~1.0.6",
        "mrmr": "~0.1.6"
      }
    },
    "bheep": {
      "version": "git+ssh://git@github.com/bcoin-org/bheep.git#e59329d0a776ae71b2fb7a2876ee5b9fd3030fa2",
      "from": "git+ssh://git@github.com/bcoin-org/bheep.git#semver:~0.1.5",
      "requires": {
        "bsert": "~0.0.10"
      }
    },
    "binet": {
      "version": "git+ssh://git@github.com/bcoin-org/binet.git#224bbfac6056e0480351f430486f200ca6bc2c25",
      "from": "git+ssh://git@github.com/bcoin-org/binet.git#semver:~0.3.5",
      "requires": {
        "bs32": "~0.1.5",
        "bsert": "~0.0.10"
      }
    },
    "blgr": {
      "version": "git+ssh://git@github.com/bcoin-org/blgr.git#bc06368ee3729d2b7c625c0458e8a2885c246982",
      "from": "git+ssh://git@github.com/bcoin-org/blgr.git#semver:~0.1.7",
      "requires": {
        "bsert": "~0.0.10"
      }
    },
    "blru": {
      "version": "git+ssh://git@github.com/bcoin-org/blru.git#c2c093e9475439333dfb87bfb2fdc3be6c98b080",
      "from": "git+ssh://git@github.com/bcoin-org/blru.git#semver:~0.1.6",
      "requires": {
        "bsert": "~0.0.10"
      }
    },
    "blst": {
      "version": "git+ssh://git@github.com/bcoin-org/blst.git#d588403edb18e628899e05aeba8c3a98a5cdedff",
      "from": "git+ssh://git@github.com/bcoin-org/blst.git#semver:~0.1.5",
      "requires": {
        "bsert": "~0.0.10"
      }
    },
    "bmocha": {
      "version": "git+ssh://git@github.com/bcoin-org/bmocha.git#ec7daf1674180000e1ba7b24c431b117b4f18c9c",
      "from": "git+ssh://git@github.com/bcoin-org/bmocha.git#semver:=2.1.2",
      "dev": true
    },
    "bmutex": {
      "version": "git+ssh://git@github.com/bcoin-org/bmutex.git#e50782323932a4946ecc05a74c6d45861adc2c25",
      "from": "git+ssh://git@github.com/bcoin-org/bmutex.git#semver:~0.1.6",
      "requires": {
        "bsert": "~0.0.10"
      }
    },
    "brq": {
      "version": "git+ssh://git@github.com/bcoin-org/brq.git#534bb2c83fb366ba40ad80bc3de796a174503294",
      "from": "git+ssh://git@github.com/bcoin-org/brq.git#semver:~0.1.7",
      "requires": {
        "bsert": "~0.0.10"
      }
    },
    "bs32": {
      "version": "git+ssh://git@github.com/bcoin-org/bs32.git#21cf9c724659dc15df722d2410548828c142f265",
      "from": "git+ssh://git@github.com/bcoin-org/bs32.git#semver:=0.1.6",
      "requires": {
        "bsert": "~0.0.10"
      }
    },
    "bsert": {
      "version": "git+ssh://git@github.com/chjj/bsert.git#bd09d49eab8644bca08ae8259a3d8756e7d453fc",
      "from": "git+ssh://git@github.com/chjj/bsert.git#semver:~0.0.10"
    },
    "bsip": {
      "version": "git+ssh://git@github.com/bcoin-org/bsip.git#99bc903e8caf4bd2d78766c503c1adddbea0bd30",
      "from": "git+ssh://git@github.com/bcoin-org/bsip.git#semver:~0.1.9",
      "requires": {
        "bsert": "~0.0.10",
        "loady": "~0.0.1",
        "nan": "^2.13.1"
      }
    },
    "bsock": {
      "version": "git+ssh://git@github.com/bcoin-org/bsock.git#7cf76b3021ae7929c023d1170f789811e91ae528",
      "from": "git+ssh://git@github.com/bcoin-org/bsock.git#semver:~0.1.9",
      "requires": {
        "bsert": "~0.0.10"
      }
    },
    "bsocks": {
      "version": "git+ssh://git@github.com/bcoin-org/bsocks.git#d97b106212522e42fa4c0f0c2e3dc7562669f2b7",
      "from": "git+ssh://git@github.com/bcoin-org/bsocks.git#semver:~0.2.5",
      "requires": {
        "binet": "~0.3.5",
        "bsert": "~0.0.10"
      }
    },
    "bstring": {
      "version": "git+ssh://git@github.com/bcoin-org/bstring.git#71680ea828331138ed7b5b4c65e41bd948557f5e",
      "from": "git+ssh://git@github.com/bcoin-org/bstring.git#semver:~0.3.9",
      "requires": {
        "bsert": "~0.0.10",
        "loady": "~0.0.1",
        "nan": "^2.13.1"
      }
    },
    "btcp": {
      "version": "git+ssh://git@github.com/bcoin-org/btcp.git#4ea7e1ce5a43cd5348152c007aff76a419190a3a",
      "from": "git+ssh://git@github.com/bcoin-org/btcp.git#semver:~0.1.5"
    },
    "buffer-map": {
      "version": "git+ssh://git@github.com/chjj/buffer-map.git#bad5863af9a520701937a17fc8fa2bd8ca8e73f3",
      "from": "git+ssh://git@github.com/chjj/buffer-map.git#semver:~0.0.7"
    },
    "bufio": {
      "version": "git+ssh://git@github.com/bcoin-org/bufio.git#0a97215dd42850957a5316b6d8565e30e5792e6b",
      "from": "git+ssh://git@github.com/bcoin-org/bufio.git#semver:~1.0.6"
    },
    "bupnp": {
      "version": "git+ssh://git@github.com/bcoin-org/bupnp.git#c44fa7356aa297c9de96e8ad094a6816939cd688",
      "from": "git+ssh://git@github.com/bcoin-org/bupnp.git#semver:~0.2.6",
      "requires": {
        "binet": "~0.3.5",
        "brq": "~0.1.7",
        "bsert": "~0.0.10"
      }
    },
    "bval": {
      "version": "git+ssh://git@github.com/bcoin-org/bval.git#c8cd14419ca46f63610dc48b797b076835e86f48",
      "from": "git+ssh://git@github.com/bcoin-org/bval.git#semver:~0.1.6",
      "requires": {
        "bsert": "~0.0.10"
      }
    },
    "bweb": {
      "version": "git+ssh://git@github.com/bcoin-org/bweb.git#31ae94ec9e97079610394e91928fe070d312c39d",
      "from": "git+ssh://git@github.com/bcoin-org/bweb.git#semver:=0.1.9",
      "requires": {
        "bsert": "~0.0.10",
        "bsock": "~0.1.8"
      }
    },
    "loady": {
      "version": "git+ssh://git@github.com/chjj/loady.git#38b20b9461a3919fa7efe7874df77104161d3615",
      "from": "git+ssh://git@github.com/chjj/loady.git#semver:~0.0.1"
    },
    "mrmr": {
      "version": "git+ssh://git@github.com/bcoin-org/mrmr.git#02af94203113fad03852298ec1191861da72042e",
      "from": "git+ssh://git@github.com/bcoin-org/mrmr.git#semver:~0.1.8",
      "requires": {
        "bsert": "~0.0.10",
        "loady": "~0.0.1",
        "nan": "^2.13.1"
      }
    },
    "n64": {
      "version": "git+ssh://git@github.com/chjj/n64.git#34f981f1441f569821d97a31f8cf21a3fc11b8f6",
      "from": "git+ssh://git@github.com/chjj/n64.git#semver:~0.2.10"
    },
    "nan": {
      "version": "git+ssh://git@github.com/nodejs/nan.git#1dcc61bd06d84e389bfd5311b2b1492a14c74201",
      "from": "git+ssh://git@github.com/nodejs/nan.git#semver:=2.14.0"
    }
  }
}
