{
  "name": "bcoin",
  "version": "1.0.2",
  "lockfileVersion": 1,
  "requires": true,
  "dependencies": {
    "bcfg": {
      "version": "0.1.2",
      "resolved": "https://registry.npmjs.org/bcfg/-/bcfg-0.1.2.tgz",
      "integrity": "sha512-vKp2Pqf8z4wk9213SQPv307/qh4bI6NPmYlW4rtTLPeNrkHMWNn2dLpxHQ4Fe/CganPcoR0xKZDopFKYeneQKw==",
      "requires": {
        "bsert": "~0.0.3"
      }
    },
    "bclient": {
      "version": "0.1.3",
      "resolved": "https://registry.npmjs.org/bclient/-/bclient-0.1.3.tgz",
      "integrity": "sha512-XPnREmUZLYc0mYy8rxUGsO+VIGXQuLfx+cauqKrq2apzMWxHGs5aTpI3agKgrf2aa3JpWUIFbPpKuItwsYcQWw==",
      "requires": {
        "bcfg": "~0.1.2",
        "bcurl": "~0.1.2",
        "bsert": "~0.0.3"
      }
    },
    "bcrypto": {
      "version": "1.1.0",
      "resolved": "https://registry.npmjs.org/bcrypto/-/bcrypto-1.1.0.tgz",
      "integrity": "sha512-XOXwwnqnhH+9ASVHUtBP/tfzszHZ+TD5DMkER27OwF3wBUS8Rg/tnmfXRQ/h5hsrl5qPiTVtjsD6LjFvzgAIgw==",
      "requires": {
        "bindings": "~1.3.0",
        "bsert": "~0.0.4",
        "bufio": "~1.0.1",
        "nan": "~2.10.0"
      }
    },
    "bcurl": {
      "version": "0.1.2",
      "resolved": "https://registry.npmjs.org/bcurl/-/bcurl-0.1.2.tgz",
      "integrity": "sha512-VrOb7DzrByO8Aazqic65HVPS51R/JNu/IbUY4ozu3zaft7dcpDgkE9GFRHc1dBeI5urj22ehLWw8/ZcDeh29wg==",
      "requires": {
        "brq": "~0.1.2",
        "bsert": "~0.0.3",
        "bsock": "~0.1.1"
      }
    },
    "bdb": {
      "version": "1.1.0",
      "resolved": "https://registry.npmjs.org/bdb/-/bdb-1.1.0.tgz",
      "integrity": "sha512-+q1Mb0vvIAytag1HkA4eL6RRSlK3wKHpHHC5b/dHwSP0HMRb5rInvUY84vB6T+9wHnm88HWRiZyLPK4H4ICMVQ==",
      "requires": {
        "bindings": "~1.3.0",
        "bsert": "~0.0.4",
        "nan": "~2.10.0"
      }
    },
    "bdns": {
      "version": "0.1.1",
      "resolved": "https://registry.npmjs.org/bdns/-/bdns-0.1.1.tgz",
      "integrity": "sha512-XnZAjI4DOlwYW7V4uhekGXOwTmJ3zSZtG5iHybqTPTSFwh1XsxZreXcKLoPZcvBz7v+vqo934JMYPprmtc62lA==",
      "requires": {
        "bsert": "~0.0.3"
      }
    },
    "bevent": {
      "version": "0.1.1",
      "resolved": "https://registry.npmjs.org/bevent/-/bevent-0.1.1.tgz",
      "integrity": "sha512-0CbDBnwxyqSdO/63kOi190mHNYpbG1bS7OBNl/PdbA2tHk5ewMfdZaaU+njn9kgr23NGbdoocfXR5Wo7bjYsIg==",
      "requires": {
        "bsert": "~0.0.3"
      }
    },
    "bfile": {
      "version": "0.1.1",
      "resolved": "https://registry.npmjs.org/bfile/-/bfile-0.1.1.tgz",
      "integrity": "sha512-BzQX3loGHgVKfu4KhZ1lI3yaZeBSFar6kKBJNTBCtI+SvYhXn4OALgCxX0C0/9Ca39vjcSkwLhOLMZZGoC0F6g=="
    },
    "bfilter": {
      "version": "1.0.0",
      "resolved": "https://registry.npmjs.org/bfilter/-/bfilter-1.0.0.tgz",
      "integrity": "sha512-K6Esl85WOlpj7EIiSPL5xjToTz1/rQ1SLrQpPpNUpOJLpvelka6JfvuEiWUyk7MuMPR7GqsDSVrnVDdJdwCJmg==",
      "requires": {
        "bsert": "~0.0.3",
        "bufio": "~1.0.1",
        "mrmr": "~0.1.1"
      }
    },
    "bheep": {
      "version": "0.1.1",
      "resolved": "https://registry.npmjs.org/bheep/-/bheep-0.1.1.tgz",
      "integrity": "sha512-kDgcu6BXj/6XsCc+fjjo9ViRETdkQqt0FYxQR+ZqQ4edbWE6x8o51k/BwzqkXWPHrsB2/qLjsgnnMPezJvSnpw==",
      "requires": {
        "bsert": "~0.0.3"
      }
    },
    "bindings": {
      "version": "1.3.0",
      "resolved": "https://registry.npmjs.org/bindings/-/bindings-1.3.0.tgz",
      "integrity": "sha512-DpLh5EzMR2kzvX1KIlVC0VkC3iZtHKTgdtZ0a3pglBZdaQFjt5S9g9xd1lE+YvXyfd6mtCeRnrUfOLYiTMlNSw=="
    },
    "binet": {
      "version": "0.3.1",
      "resolved": "https://registry.npmjs.org/binet/-/binet-0.3.1.tgz",
      "integrity": "sha512-4ZCsooGoTYG6BwikD1bjXStzhR5wZnc16CA13cm6ot3jsN3Ridrj7G02sL2yzXTegXILIZy25Au+RHqC8F/jzQ==",
      "requires": {
        "bs32": "~0.1.1",
        "bsert": "~0.0.3"
      }
    },
    "blgr": {
      "version": "0.1.1",
      "resolved": "https://registry.npmjs.org/blgr/-/blgr-0.1.1.tgz",
      "integrity": "sha512-paJmBPpsYYllidj7UvFvkrwtr2j6YLo7tmk0J885iY4Zw0ZFquV+OVtjDTpTOdeSFJefdi5URGrzOkrFm4M8QQ==",
      "requires": {
        "bsert": "~0.0.3"
      }
    },
    "blru": {
      "version": "0.1.2",
      "resolved": "https://registry.npmjs.org/blru/-/blru-0.1.2.tgz",
      "integrity": "sha512-S3rvHlFMFYOZT+1gQct44FLIeNjf51RZBUWunuMXb7GDREtI98m6MxBVjdfxYKrdIX5YI8gY4FrVLCq59oQeXQ==",
      "requires": {
        "bsert": "~0.0.3"
      }
    },
    "blst": {
      "version": "0.1.1",
      "resolved": "https://registry.npmjs.org/blst/-/blst-0.1.1.tgz",
      "integrity": "sha512-avNp9dO3fXFObDYqh8rY12uUenbLLZaySKIKI32Mlq1czTw7Szah9nzQsMh5ejmkBsR3FjUyuWczGzi4o8BVdQ==",
      "requires": {
        "bsert": "~0.0.3"
      }
    },
    "bmutex": {
      "version": "0.1.2",
      "resolved": "https://registry.npmjs.org/bmutex/-/bmutex-0.1.2.tgz",
      "integrity": "sha512-H5mZOJQgtK2SMPStn0Zgo+Z/5jf71ZPSblcsepqf4MGa9SrJRsL6jF4jWLlgayGtq6DCAfRuHokZC+WRoHn+AA==",
      "requires": {
        "bsert": "~0.0.3"
      }
    },
    "brq": {
      "version": "0.1.2",
      "resolved": "https://registry.npmjs.org/brq/-/brq-0.1.2.tgz",
      "integrity": "sha512-YE+G82KUl6HWScDfS3gGCxqGv4CsL+LI3K8oKtzZQVjvGu+LqgbRboT+6dCgXhaWRTTZXCaAsRdzK2tCemdcyw==",
      "requires": {
        "bsert": "~0.0.3"
      }
    },
    "bs32": {
      "version": "0.1.1",
      "resolved": "https://registry.npmjs.org/bs32/-/bs32-0.1.1.tgz",
      "integrity": "sha512-mvHV7pk3ub6jLKpztr2+KMcx4uR2L/9rl5x0BKBgXBmImeILjkTeEjG1ts4gZ302qW/z7mxDf07W9sPovjlHtA==",
      "requires": {
        "bsert": "~0.0.3"
      }
    },
    "bsert": {
      "version": "0.0.4",
      "resolved": "https://registry.npmjs.org/bsert/-/bsert-0.0.4.tgz",
      "integrity": "sha512-VReLe1aTaHRmf80YLOHUk8ONQ48SjseZP76GlNIDheD5REYByn/Mm9yrtI0/ZCaFrcfxzgpiw1/hMMCUOSMa3w=="
    },
    "bsip": {
      "version": "0.1.1",
      "resolved": "https://registry.npmjs.org/bsip/-/bsip-0.1.1.tgz",
      "integrity": "sha512-LQdhDedZQuwezVneaojtV7CPJSiDUsVvB+HVIG9BmMi9cEtPC1MKKtRMLNm1HEaXauhc3fTdfCjXnBmPkOcTng==",
      "requires": {
        "bindings": "~1.3.0",
        "bsert": "~0.0.3",
        "nan": "~2.10.0"
      }
    },
    "bsock": {
      "version": "0.1.2",
      "resolved": "https://registry.npmjs.org/bsock/-/bsock-0.1.2.tgz",
      "integrity": "sha512-fWPIARHCdK76+cFdbEf46pBYCBtkXMDux4l1/T0AVmZNd7Z8jBlgTJnHZUm8KZ+wV287BSoX8lY1VcqvHjW8Dg==",
      "requires": {
        "bsert": "~0.0.3"
      }
    },
    "bsocks": {
      "version": "0.2.1",
      "resolved": "https://registry.npmjs.org/bsocks/-/bsocks-0.2.1.tgz",
      "integrity": "sha512-RSoJL6j7C1bw9IHaxiKhEj2iga1TRNyW9EiMpDhfunbMM9xvP5xJ+oVmOCJLE+JEDRdWNESAgOeNZnn3q9fGdg==",
      "requires": {
        "binet": "~0.3.1",
        "bsert": "~0.0.3"
      }
    },
    "bstring": {
      "version": "0.2.0",
      "resolved": "https://registry.npmjs.org/bstring/-/bstring-0.2.0.tgz",
      "integrity": "sha512-lgmjJyuBT0wozjBU+aSYf9vvK5XtH2MxZDbMPqbNVl9n2QlloRg8cIh7QaDyUWZmCG9LhglWbsMU8gupPEhCCA==",
      "requires": {
        "bindings": "~1.3.0",
        "bsert": "~0.0.4",
        "n64": "~0.2.1",
        "nan": "~2.10.0"
      }
    },
    "btcp": {
      "version": "0.1.1",
      "resolved": "https://registry.npmjs.org/btcp/-/btcp-0.1.1.tgz",
      "integrity": "sha512-EwqraaSVjrMYSuSchJ0t2gdeA/4BGgKu+tFVJpTpc4pjzrlu9O6kc3NNffSyIzoxd7jToRdrsT3TorA03a/qwQ=="
    },
    "buffer-map": {
      "version": "0.0.2",
      "resolved": "https://registry.npmjs.org/buffer-map/-/buffer-map-0.0.2.tgz",
      "integrity": "sha512-7JXyu5/Y9uTodU0EDHHvSFmzNLecRbW9VNQF7YpAOU1Y0kcOYmXCVv26/UMhDH1M9qROeeYmAU8HQn8Cmc3KRw=="
    },
    "bufio": {
      "version": "1.0.1",
      "resolved": "https://registry.npmjs.org/bufio/-/bufio-1.0.1.tgz",
      "integrity": "sha512-yPe6AIUmbRCSXNrg6tBXc7E3FDnkcwLH2I8/G50bgfsUNVldFM7v42lsO1K8UPlcfTYm/GwRuEXsdSxX4L8lvA=="
    },
    "bupnp": {
      "version": "0.2.2",
      "resolved": "https://registry.npmjs.org/bupnp/-/bupnp-0.2.2.tgz",
      "integrity": "sha512-VauG03WYuZqqP+n/4gf/ItoZPgmSR76whDRFvAYvzsQzotTs3NfIKa7GGlykjAmvOPuuXqa2yVPNGV8dS+MomA==",
      "requires": {
        "binet": "~0.3.1",
        "brq": "~0.1.2",
        "bsert": "~0.0.3"
      }
    },
    "bval": {
      "version": "0.1.2",
      "resolved": "https://registry.npmjs.org/bval/-/bval-0.1.2.tgz",
      "integrity": "sha512-ewri8C/nc9ZHzkCMcpl6gVv9lMEvXw2CXppYIgDY0n1QKIVu8j0K1LT8F2Gm2kyqPGJI7Tp71V5bMhh4bPaZoA==",
      "requires": {
        "bsert": "~0.0.3"
      }
    },
    "bweb": {
      "version": "0.1.3",
      "resolved": "https://registry.npmjs.org/bweb/-/bweb-0.1.3.tgz",
      "integrity": "sha512-xbB/Dcr4HKky4QONiLVsPlftDaH9spDhv15pXCVNqE5WmR6nHVG+b39Nd2JsYHtCBz5zzYoKrQWui00QDoYg9Q==",
      "requires": {
        "bsert": "~0.0.3",
        "bsock": "~0.1.1"
      }
    },
    "mrmr": {
      "version": "0.1.1",
      "resolved": "https://registry.npmjs.org/mrmr/-/mrmr-0.1.1.tgz",
      "integrity": "sha512-2nJ8KlBZiFsj629GsqSBfx/ILWpL3+Kam8eMBn/YL84lvPUuAG0SNvtaGr8Z7T19wKOYnJAV5N+MCEXVgguxtQ==",
      "requires": {
        "bindings": "~1.3.0",
        "bsert": "~0.0.3",
        "nan": "~2.10.0"
      }
    },
    "n64": {
      "version": "0.2.1",
      "resolved": "https://registry.npmjs.org/n64/-/n64-0.2.1.tgz",
      "integrity": "sha512-rs7dj53A2qK/bk4gQnBAp3DYwtyHKs5y2tbuQkgM4mDwGBI7fPJBbfBaXaNOpbVtnru2Aw++qVCNDYJ3XAuc7A=="
    },
    "nan": {
      "version": "2.10.0",
      "resolved": "https://registry.npmjs.org/nan/-/nan-2.10.0.tgz",
      "integrity": "sha512-bAdJv7fBLhWC+/Bls0Oza+mvTaNQtP+1RyhhhvD95pgUJz6XM5IzgmxOkItJ9tkoCiplvAnXI1tNmmUD/eScyA=="
    }
  }
}
